
Microsoft Visual Studio Solution File, Format Version 12.00
# Visual Studio Version 17
VisualStudioVersion = 17.13.35818.85 d17.13
MinimumVisualStudioVersion = 10.0.40219.1
Project("{FAE04EC0-301F-11D3-BF4B-00C04F79EFBC}") = "study13", "study13\study13.csproj", "{920B9EAB-B20F-4DEA-B7AF-E2488C868BCA}"
EndProject
Global
	GlobalSection(SolutionConfigurationPlatforms) = preSolution
		Debug|Any CPU = Debug|Any CPU
		Release|Any CPU = Release|Any CPU
	EndGlobalSection
	GlobalSection(ProjectConfigurationPlatforms) = postSolution
		{920B9EAB-B20F-4DEA-B7AF-E2488C868BCA}.Debug|Any CPU.ActiveCfg = Debug|Any CPU
		{920B9EAB-B20F-4DEA-B7AF-E2488C868BCA}.Debug|Any CPU.Build.0 = Debug|Any CPU
		{920B9EAB-B20F-4DEA-B7AF-E2488C868BCA}.Release|Any CPU.ActiveCfg = Release|Any CPU
		{920B9EAB-B20F-4DEA-B7AF-E2488C868BCA}.Release|Any CPU.Build.0 = Release|Any CPU
	EndGlobalSection
	GlobalSection(SolutionProperties) = preSolution
		HideSolutionNode = FALSE
	EndGlobalSection
	GlobalSection(ExtensibilityGlobals) = postSolution
		SolutionGuid = {F2121426-400D-432D-B198-0E24C8773D57}
	EndGlobalSection
EndGlobal
