
Microsoft Visual Studio Solution File, Format Version 12.00
# Visual Studio Version 17
VisualStudioVersion = 17.13.35818.85 d17.13
MinimumVisualStudioVersion = 10.0.40219.1
Project("{FAE04EC0-301F-11D3-BF4B-00C04F79EFBC}") = "study33", "study33\study33.csproj", "{0FBE177B-59D7-43B7-8FB2-705978C3532E}"
EndProject
Global
	GlobalSection(SolutionConfigurationPlatforms) = preSolution
		Debug|Any CPU = Debug|Any CPU
		Release|Any CPU = Release|Any CPU
	EndGlobalSection
	GlobalSection(ProjectConfigurationPlatforms) = postSolution
		{0FBE177B-59D7-43B7-8FB2-705978C3532E}.Debug|Any CPU.ActiveCfg = Debug|Any CPU
		{0FBE177B-59D7-43B7-8FB2-705978C3532E}.Debug|Any CPU.Build.0 = Debug|Any CPU
		{0FBE177B-59D7-43B7-8FB2-705978C3532E}.Release|Any CPU.ActiveCfg = Release|Any CPU
		{0FBE177B-59D7-43B7-8FB2-705978C3532E}.Release|Any CPU.Build.0 = Release|Any CPU
	EndGlobalSection
	GlobalSection(SolutionProperties) = preSolution
		HideSolutionNode = FALSE
	EndGlobalSection
	GlobalSection(ExtensibilityGlobals) = postSolution
		SolutionGuid = {CD3BF4DA-9C99-4E1F-96A6-48E56AA5592C}
	EndGlobalSection
EndGlobal
