
Microsoft Visual Studio Solution File, Format Version 12.00
# Visual Studio Version 17
VisualStudioVersion = 17.13.35818.85 d17.13
MinimumVisualStudioVersion = 10.0.40219.1
Project("{FAE04EC0-301F-11D3-BF4B-00C04F79EFBC}") = "study6", "study6\study6.csproj", "{85F1AC64-6A49-44A5-865A-FE55729B65CB}"
EndProject
Global
	GlobalSection(SolutionConfigurationPlatforms) = preSolution
		Debug|Any CPU = Debug|Any CPU
		Release|Any CPU = Release|Any CPU
	EndGlobalSection
	GlobalSection(ProjectConfigurationPlatforms) = postSolution
		{85F1AC64-6A49-44A5-865A-FE55729B65CB}.Debug|Any CPU.ActiveCfg = Debug|Any CPU
		{85F1AC64-6A49-44A5-865A-FE55729B65CB}.Debug|Any CPU.Build.0 = Debug|Any CPU
		{85F1AC64-6A49-44A5-865A-FE55729B65CB}.Release|Any CPU.ActiveCfg = Release|Any CPU
		{85F1AC64-6A49-44A5-865A-FE55729B65CB}.Release|Any CPU.Build.0 = Release|Any CPU
	EndGlobalSection
	GlobalSection(SolutionProperties) = preSolution
		HideSolutionNode = FALSE
	EndGlobalSection
	GlobalSection(ExtensibilityGlobals) = postSolution
		SolutionGuid = {C338D1CF-4EA8-40D6-8DFE-5C3C35720B07}
	EndGlobalSection
EndGlobal
