
Microsoft Visual Studio Solution File, Format Version 12.00
# Visual Studio Version 17
VisualStudioVersion = 17.13.35818.85 d17.13
MinimumVisualStudioVersion = 10.0.40219.1
Project("{FAE04EC0-301F-11D3-BF4B-00C04F79EFBC}") = "study27", "study27\study27.csproj", "{4B7CCDFA-EF8F-49B6-B954-0E4824713DE3}"
EndProject
Global
	GlobalSection(SolutionConfigurationPlatforms) = preSolution
		Debug|Any CPU = Debug|Any CPU
		Release|Any CPU = Release|Any CPU
	EndGlobalSection
	GlobalSection(ProjectConfigurationPlatforms) = postSolution
		{4B7CCDFA-EF8F-49B6-B954-0E4824713DE3}.Debug|Any CPU.ActiveCfg = Debug|Any CPU
		{4B7CCDFA-EF8F-49B6-B954-0E4824713DE3}.Debug|Any CPU.Build.0 = Debug|Any CPU
		{4B7CCDFA-EF8F-49B6-B954-0E4824713DE3}.Release|Any CPU.ActiveCfg = Release|Any CPU
		{4B7CCDFA-EF8F-49B6-B954-0E4824713DE3}.Release|Any CPU.Build.0 = Release|Any CPU
	EndGlobalSection
	GlobalSection(SolutionProperties) = preSolution
		HideSolutionNode = FALSE
	EndGlobalSection
	GlobalSection(ExtensibilityGlobals) = postSolution
		SolutionGuid = {A6628E48-2735-42D1-80E1-A5CA32F5B6C1}
	EndGlobalSection
EndGlobal
