
Microsoft Visual Studio Solution File, Format Version 12.00
# Visual Studio Version 17
VisualStudioVersion = 17.13.35818.85 d17.13
MinimumVisualStudioVersion = 10.0.40219.1
Project("{FAE04EC0-301F-11D3-BF4B-00C04F79EFBC}") = "stuudy22", "stuudy22\stuudy22.csproj", "{F2621B12-6C83-4111-85AC-3D8645F54239}"
EndProject
Global
	GlobalSection(SolutionConfigurationPlatforms) = preSolution
		Debug|Any CPU = Debug|Any CPU
		Release|Any CPU = Release|Any CPU
	EndGlobalSection
	GlobalSection(ProjectConfigurationPlatforms) = postSolution
		{F2621B12-6C83-4111-85AC-3D8645F54239}.Debug|Any CPU.ActiveCfg = Debug|Any CPU
		{F2621B12-6C83-4111-85AC-3D8645F54239}.Debug|Any CPU.Build.0 = Debug|Any CPU
		{F2621B12-6C83-4111-85AC-3D8645F54239}.Release|Any CPU.ActiveCfg = Release|Any CPU
		{F2621B12-6C83-4111-85AC-3D8645F54239}.Release|Any CPU.Build.0 = Release|Any CPU
	EndGlobalSection
	GlobalSection(SolutionProperties) = preSolution
		HideSolutionNode = FALSE
	EndGlobalSection
	GlobalSection(ExtensibilityGlobals) = postSolution
		SolutionGuid = {ACA9C473-B159-471A-BB60-9F5F4B516D75}
	EndGlobalSection
EndGlobal
