
Microsoft Visual Studio Solution File, Format Version 12.00
# Visual Studio Version 17
VisualStudioVersion = 17.13.35818.85 d17.13
MinimumVisualStudioVersion = 10.0.40219.1
Project("{FAE04EC0-301F-11D3-BF4B-00C04F79EFBC}") = "콘솔좌표배우기", "콘솔좌표배우기\콘솔좌표배우기.csproj", "{A791D5D9-0AC0-437B-9735-9D56D00020C6}"
EndProject
Global
	GlobalSection(SolutionConfigurationPlatforms) = preSolution
		Debug|Any CPU = Debug|Any CPU
		Release|Any CPU = Release|Any CPU
	EndGlobalSection
	GlobalSection(ProjectConfigurationPlatforms) = postSolution
		{A791D5D9-0AC0-437B-9735-9D56D00020C6}.Debug|Any CPU.ActiveCfg = Debug|Any CPU
		{A791D5D9-0AC0-437B-9735-9D56D00020C6}.Debug|Any CPU.Build.0 = Debug|Any CPU
		{A791D5D9-0AC0-437B-9735-9D56D00020C6}.Release|Any CPU.ActiveCfg = Release|Any CPU
		{A791D5D9-0AC0-437B-9735-9D56D00020C6}.Release|Any CPU.Build.0 = Release|Any CPU
	EndGlobalSection
	GlobalSection(SolutionProperties) = preSolution
		HideSolutionNode = FALSE
	EndGlobalSection
	GlobalSection(ExtensibilityGlobals) = postSolution
		SolutionGuid = {097C3F16-7F2B-4EEC-86DB-01DACC30ACA4}
	EndGlobalSection
EndGlobal
