
Microsoft Visual Studio Solution File, Format Version 12.00
# Visual Studio Version 17
VisualStudioVersion = 17.13.35818.85 d17.13
MinimumVisualStudioVersion = 10.0.40219.1
Project("{FAE04EC0-301F-11D3-BF4B-00C04F79EFBC}") = "이벤트", "이벤트\이벤트.csproj", "{9636274E-11CD-4CC4-AF11-3B9B6022FEDA}"
EndProject
Global
	GlobalSection(SolutionConfigurationPlatforms) = preSolution
		Debug|Any CPU = Debug|Any CPU
		Release|Any CPU = Release|Any CPU
	EndGlobalSection
	GlobalSection(ProjectConfigurationPlatforms) = postSolution
		{9636274E-11CD-4CC4-AF11-3B9B6022FEDA}.Debug|Any CPU.ActiveCfg = Debug|Any CPU
		{9636274E-11CD-4CC4-AF11-3B9B6022FEDA}.Debug|Any CPU.Build.0 = Debug|Any CPU
		{9636274E-11CD-4CC4-AF11-3B9B6022FEDA}.Release|Any CPU.ActiveCfg = Release|Any CPU
		{9636274E-11CD-4CC4-AF11-3B9B6022FEDA}.Release|Any CPU.Build.0 = Release|Any CPU
	EndGlobalSection
	GlobalSection(SolutionProperties) = preSolution
		HideSolutionNode = FALSE
	EndGlobalSection
	GlobalSection(ExtensibilityGlobals) = postSolution
		SolutionGuid = {33455182-6B77-4F99-8CBF-A3B1851B85D0}
	EndGlobalSection
EndGlobal
