
Microsoft Visual Studio Solution File, Format Version 12.00
# Visual Studio Version 17
VisualStudioVersion = 17.13.35818.85 d17.13
MinimumVisualStudioVersion = 10.0.40219.1
Project("{FAE04EC0-301F-11D3-BF4B-00C04F79EFBC}") = "study8", "study8\study8.csproj", "{2A7D6297-FF41-4420-9AAA-4E874FC7F22F}"
EndProject
Global
	GlobalSection(SolutionConfigurationPlatforms) = preSolution
		Debug|Any CPU = Debug|Any CPU
		Release|Any CPU = Release|Any CPU
	EndGlobalSection
	GlobalSection(ProjectConfigurationPlatforms) = postSolution
		{2A7D6297-FF41-4420-9AAA-4E874FC7F22F}.Debug|Any CPU.ActiveCfg = Debug|Any CPU
		{2A7D6297-FF41-4420-9AAA-4E874FC7F22F}.Debug|Any CPU.Build.0 = Debug|Any CPU
		{2A7D6297-FF41-4420-9AAA-4E874FC7F22F}.Release|Any CPU.ActiveCfg = Release|Any CPU
		{2A7D6297-FF41-4420-9AAA-4E874FC7F22F}.Release|Any CPU.Build.0 = Release|Any CPU
	EndGlobalSection
	GlobalSection(SolutionProperties) = preSolution
		HideSolutionNode = FALSE
	EndGlobalSection
	GlobalSection(ExtensibilityGlobals) = postSolution
		SolutionGuid = {64B16C52-7541-47CA-81EE-F1DC1513202D}
	EndGlobalSection
EndGlobal
