
Microsoft Visual Studio Solution File, Format Version 12.00
# Visual Studio Version 17
VisualStudioVersion = 17.13.35818.85 d17.13
MinimumVisualStudioVersion = 10.0.40219.1
Project("{FAE04EC0-301F-11D3-BF4B-00C04F79EFBC}") = "250304", "250304\250304.csproj", "{ACCC8308-12A2-429E-8C52-C59C770164CC}"
EndProject
Global
	GlobalSection(SolutionConfigurationPlatforms) = preSolution
		Debug|Any CPU = Debug|Any CPU
		Release|Any CPU = Release|Any CPU
	EndGlobalSection
	GlobalSection(ProjectConfigurationPlatforms) = postSolution
		{ACCC8308-12A2-429E-8C52-C59C770164CC}.Debug|Any CPU.ActiveCfg = Debug|Any CPU
		{ACCC8308-12A2-429E-8C52-C59C770164CC}.Debug|Any CPU.Build.0 = Debug|Any CPU
		{ACCC8308-12A2-429E-8C52-C59C770164CC}.Release|Any CPU.ActiveCfg = Release|Any CPU
		{ACCC8308-12A2-429E-8C52-C59C770164CC}.Release|Any CPU.Build.0 = Release|Any CPU
	EndGlobalSection
	GlobalSection(SolutionProperties) = preSolution
		HideSolutionNode = FALSE
	EndGlobalSection
	GlobalSection(ExtensibilityGlobals) = postSolution
		SolutionGuid = {4570EE87-310C-44FC-AFE4-2A67713AC478}
	EndGlobalSection
EndGlobal
