
Microsoft Visual Studio Solution File, Format Version 12.00
# Visual Studio Version 17
VisualStudioVersion = 17.13.35818.85 d17.13
MinimumVisualStudioVersion = 10.0.40219.1
Project("{FAE04EC0-301F-11D3-BF4B-00C04F79EFBC}") = "study41", "study41\study41.csproj", "{3F5B28C2-60E5-4BF2-9477-17B9D05A7DBD}"
EndProject
Global
	GlobalSection(SolutionConfigurationPlatforms) = preSolution
		Debug|Any CPU = Debug|Any CPU
		Release|Any CPU = Release|Any CPU
	EndGlobalSection
	GlobalSection(ProjectConfigurationPlatforms) = postSolution
		{3F5B28C2-60E5-4BF2-9477-17B9D05A7DBD}.Debug|Any CPU.ActiveCfg = Debug|Any CPU
		{3F5B28C2-60E5-4BF2-9477-17B9D05A7DBD}.Debug|Any CPU.Build.0 = Debug|Any CPU
		{3F5B28C2-60E5-4BF2-9477-17B9D05A7DBD}.Release|Any CPU.ActiveCfg = Release|Any CPU
		{3F5B28C2-60E5-4BF2-9477-17B9D05A7DBD}.Release|Any CPU.Build.0 = Release|Any CPU
	EndGlobalSection
	GlobalSection(SolutionProperties) = preSolution
		HideSolutionNode = FALSE
	EndGlobalSection
	GlobalSection(ExtensibilityGlobals) = postSolution
		SolutionGuid = {0D639649-1BCA-46A1-8D72-C1C979D5AB10}
	EndGlobalSection
EndGlobal
