
Microsoft Visual Studio Solution File, Format Version 12.00
# Visual Studio Version 17
VisualStudioVersion = 17.13.35818.85 d17.13
MinimumVisualStudioVersion = 10.0.40219.1
Project("{FAE04EC0-301F-11D3-BF4B-00C04F79EFBC}") = "study15", "study15\study15.csproj", "{E728168A-E9CC-499E-8318-9A74A0058230}"
EndProject
Global
	GlobalSection(SolutionConfigurationPlatforms) = preSolution
		Debug|Any CPU = Debug|Any CPU
		Release|Any CPU = Release|Any CPU
	EndGlobalSection
	GlobalSection(ProjectConfigurationPlatforms) = postSolution
		{E728168A-E9CC-499E-8318-9A74A0058230}.Debug|Any CPU.ActiveCfg = Debug|Any CPU
		{E728168A-E9CC-499E-8318-9A74A0058230}.Debug|Any CPU.Build.0 = Debug|Any CPU
		{E728168A-E9CC-499E-8318-9A74A0058230}.Release|Any CPU.ActiveCfg = Release|Any CPU
		{E728168A-E9CC-499E-8318-9A74A0058230}.Release|Any CPU.Build.0 = Release|Any CPU
	EndGlobalSection
	GlobalSection(SolutionProperties) = preSolution
		HideSolutionNode = FALSE
	EndGlobalSection
	GlobalSection(ExtensibilityGlobals) = postSolution
		SolutionGuid = {13391A7B-B93B-4FBB-AEFF-3720A887D730}
	EndGlobalSection
EndGlobal
