
Microsoft Visual Studio Solution File, Format Version 12.00
# Visual Studio Version 17
VisualStudioVersion = 17.13.35818.85 d17.13
MinimumVisualStudioVersion = 10.0.40219.1
Project("{FAE04EC0-301F-11D3-BF4B-00C04F79EFBC}") = "study39", "study39\study39.csproj", "{800329E7-B15C-4D7F-AF0C-F1E863391358}"
EndProject
Global
	GlobalSection(SolutionConfigurationPlatforms) = preSolution
		Debug|Any CPU = Debug|Any CPU
		Release|Any CPU = Release|Any CPU
	EndGlobalSection
	GlobalSection(ProjectConfigurationPlatforms) = postSolution
		{800329E7-B15C-4D7F-AF0C-F1E863391358}.Debug|Any CPU.ActiveCfg = Debug|Any CPU
		{800329E7-B15C-4D7F-AF0C-F1E863391358}.Debug|Any CPU.Build.0 = Debug|Any CPU
		{800329E7-B15C-4D7F-AF0C-F1E863391358}.Release|Any CPU.ActiveCfg = Release|Any CPU
		{800329E7-B15C-4D7F-AF0C-F1E863391358}.Release|Any CPU.Build.0 = Release|Any CPU
	EndGlobalSection
	GlobalSection(SolutionProperties) = preSolution
		HideSolutionNode = FALSE
	EndGlobalSection
	GlobalSection(ExtensibilityGlobals) = postSolution
		SolutionGuid = {6FF760FD-6300-4732-B962-5C1891581037}
	EndGlobalSection
EndGlobal
