
Microsoft Visual Studio Solution File, Format Version 12.00
# Visual Studio Version 17
VisualStudioVersion = 17.13.35818.85 d17.13
MinimumVisualStudioVersion = 10.0.40219.1
Project("{FAE04EC0-301F-11D3-BF4B-00C04F79EFBC}") = "study11", "study11\study11.csproj", "{3519ED9D-746F-485F-B857-2C10607E1076}"
EndProject
Global
	GlobalSection(SolutionConfigurationPlatforms) = preSolution
		Debug|Any CPU = Debug|Any CPU
		Release|Any CPU = Release|Any CPU
	EndGlobalSection
	GlobalSection(ProjectConfigurationPlatforms) = postSolution
		{3519ED9D-746F-485F-B857-2C10607E1076}.Debug|Any CPU.ActiveCfg = Debug|Any CPU
		{3519ED9D-746F-485F-B857-2C10607E1076}.Debug|Any CPU.Build.0 = Debug|Any CPU
		{3519ED9D-746F-485F-B857-2C10607E1076}.Release|Any CPU.ActiveCfg = Release|Any CPU
		{3519ED9D-746F-485F-B857-2C10607E1076}.Release|Any CPU.Build.0 = Release|Any CPU
	EndGlobalSection
	GlobalSection(SolutionProperties) = preSolution
		HideSolutionNode = FALSE
	EndGlobalSection
	GlobalSection(ExtensibilityGlobals) = postSolution
		SolutionGuid = {B78A9904-C980-4D42-B3FF-B2CBF103D42E}
	EndGlobalSection
EndGlobal
