
Microsoft Visual Studio Solution File, Format Version 12.00
# Visual Studio Version 17
VisualStudioVersion = 17.13.35818.85 d17.13
MinimumVisualStudioVersion = 10.0.40219.1
Project("{FAE04EC0-301F-11D3-BF4B-00C04F79EFBC}") = "study17", "study17\study17.csproj", "{8819F2BD-1D16-485C-BD9F-F867B7E5802E}"
EndProject
Global
	GlobalSection(SolutionConfigurationPlatforms) = preSolution
		Debug|Any CPU = Debug|Any CPU
		Release|Any CPU = Release|Any CPU
	EndGlobalSection
	GlobalSection(ProjectConfigurationPlatforms) = postSolution
		{8819F2BD-1D16-485C-BD9F-F867B7E5802E}.Debug|Any CPU.ActiveCfg = Debug|Any CPU
		{8819F2BD-1D16-485C-BD9F-F867B7E5802E}.Debug|Any CPU.Build.0 = Debug|Any CPU
		{8819F2BD-1D16-485C-BD9F-F867B7E5802E}.Release|Any CPU.ActiveCfg = Release|Any CPU
		{8819F2BD-1D16-485C-BD9F-F867B7E5802E}.Release|Any CPU.Build.0 = Release|Any CPU
	EndGlobalSection
	GlobalSection(SolutionProperties) = preSolution
		HideSolutionNode = FALSE
	EndGlobalSection
	GlobalSection(ExtensibilityGlobals) = postSolution
		SolutionGuid = {8A0604E2-CBB6-46E9-BC2C-2ADA29E4529E}
	EndGlobalSection
EndGlobal
